
Microsoft Visual Studio Solution File, Format Version 12.00
# Visual Studio 2013
VisualStudioVersion = 12.0.21005.1
MinimumVisualStudioVersion = 10.0.40219.1
Project("{FAE04EC0-301F-11D3-BF4B-00C04F79EFBC}") = "HelloCSharp", "HelloCSharp\HelloCSharp.csproj", "{90FF0B43-9F32-4D3D-96B5-C05EFA7B7E03}"
EndProject
Project("{FAE04EC0-301F-11D3-BF4B-00C04F79EFBC}") = "Expression", "Expression\Expression.csproj", "{23816FE6-E67A-400A-B42F-A3C43DC61741}"
EndProject
Project("{FAE04EC0-301F-11D3-BF4B-00C04F79EFBC}") = "Sumator", "Sumator\Sumator.csproj", "{7849C510-BB6D-4834-B6E9-EC16CE0AE216}"
EndProject
Global
	GlobalSection(SolutionConfigurationPlatforms) = preSolution
		Debug|Any CPU = Debug|Any CPU
		Release|Any CPU = Release|Any CPU
	EndGlobalSection
	GlobalSection(ProjectConfigurationPlatforms) = postSolution
		{90FF0B43-9F32-4D3D-96B5-C05EFA7B7E03}.Debug|Any CPU.ActiveCfg = Debug|Any CPU
		{90FF0B43-9F32-4D3D-96B5-C05EFA7B7E03}.Debug|Any CPU.Build.0 = Debug|Any CPU
		{90FF0B43-9F32-4D3D-96B5-C05EFA7B7E03}.Release|Any CPU.ActiveCfg = Release|Any CPU
		{90FF0B43-9F32-4D3D-96B5-C05EFA7B7E03}.Release|Any CPU.Build.0 = Release|Any CPU
		{23816FE6-E67A-400A-B42F-A3C43DC61741}.Debug|Any CPU.ActiveCfg = Debug|Any CPU
		{23816FE6-E67A-400A-B42F-A3C43DC61741}.Debug|Any CPU.Build.0 = Debug|Any CPU
		{23816FE6-E67A-400A-B42F-A3C43DC61741}.Release|Any CPU.ActiveCfg = Release|Any CPU
		{23816FE6-E67A-400A-B42F-A3C43DC61741}.Release|Any CPU.Build.0 = Release|Any CPU
		{7849C510-BB6D-4834-B6E9-EC16CE0AE216}.Debug|Any CPU.ActiveCfg = Debug|Any CPU
		{7849C510-BB6D-4834-B6E9-EC16CE0AE216}.Debug|Any CPU.Build.0 = Debug|Any CPU
		{7849C510-BB6D-4834-B6E9-EC16CE0AE216}.Release|Any CPU.ActiveCfg = Release|Any CPU
		{7849C510-BB6D-4834-B6E9-EC16CE0AE216}.Release|Any CPU.Build.0 = Release|Any CPU
	EndGlobalSection
	GlobalSection(SolutionProperties) = preSolution
		HideSolutionNode = FALSE
	EndGlobalSection
EndGlobal
