
Microsoft Visual Studio Solution File, Format Version 12.00
# Visual Studio 2013
VisualStudioVersion = 12.0.40629.0
MinimumVisualStudioVersion = 10.0.40219.1
Project("{FAE04EC0-301F-11D3-BF4B-00C04F79EFBC}") = "01.Personal Titles", "Complex-Conditions\01.Personal Titles.csproj", "{539C3291-E627-468F-8FA5-6E53164880B8}"
EndProject
Project("{FAE04EC0-301F-11D3-BF4B-00C04F79EFBC}") = "02.Small Shop", "Small Shop\02.Small Shop.csproj", "{DB724FFD-2381-41FF-929C-682C63B52426}"
EndProject
Project("{FAE04EC0-301F-11D3-BF4B-00C04F79EFBC}") = "03. Point in Rectangle", "03. Point in Rectangle\03. Point in Rectangle.csproj", "{524128B5-BC4C-4546-B7BA-62328F60D1C2}"
EndProject
Project("{FAE04EC0-301F-11D3-BF4B-00C04F79EFBC}") = "04. Fruit or Vegetable", "04. Fruit or Vegetable\04. Fruit or Vegetable.csproj", "{50BA874B-9FDB-4346-A885-9DD4473AA8CE}"
EndProject
Project("{FAE04EC0-301F-11D3-BF4B-00C04F79EFBC}") = "05. Invalid Number", "05. Invalid Number\05. Invalid Number.csproj", "{C97C9C61-B06B-4ED1-B463-F2CBE514CB38}"
EndProject
Project("{FAE04EC0-301F-11D3-BF4B-00C04F79EFBC}") = "06. Point on Rectangle Border", "06. Point on Rectangle Border\06. Point on Rectangle Border.csproj", "{5C151EBB-9994-4480-A9B2-3F148ED7CD16}"
EndProject
Project("{FAE04EC0-301F-11D3-BF4B-00C04F79EFBC}") = "10. Animal Type", "07. Fruit Shop\10. Animal Type.csproj", "{01E7AB09-8802-4342-9066-BB1D4E7AF1FC}"
EndProject
Project("{FAE04EC0-301F-11D3-BF4B-00C04F79EFBC}") = "09. Day of Week", "09. Day of Week\09. Day of Week.csproj", "{65128A75-B963-4935-9E0D-A0AD96C542BD}"
EndProject
Project("{FAE04EC0-301F-11D3-BF4B-00C04F79EFBC}") = "07. Fruit Shopp", "07. Fruit Shopp\07. Fruit Shopp.csproj", "{9A91EB35-7E86-4C5A-8F0F-1D23706051E8}"
EndProject
Project("{FAE04EC0-301F-11D3-BF4B-00C04F79EFBC}") = "08. Trade Comissions", "08. Trade Comissions\08. Trade Comissions.csproj", "{7E7B8164-1010-4061-8220-94A5A9713899}"
EndProject
Project("{FAE04EC0-301F-11D3-BF4B-00C04F79EFBC}") = "12. Cinema", "12. Cinema\12. Cinema.csproj", "{BB96A4BC-E20F-4E32-82D9-C3DF7C95CB07}"
EndProject
Project("{FAE04EC0-301F-11D3-BF4B-00C04F79EFBC}") = "13. Volleyball", "13. Volleyball\13. Volleyball.csproj", "{722F5811-9AB2-4FF1-A514-8EB649BDD78B}"
EndProject
Project("{FAE04EC0-301F-11D3-BF4B-00C04F79EFBC}") = "14. Point in the Figure", "14. Point in the Figure\14. Point in the Figure.csproj", "{56E64A63-FAEA-40B5-9604-F18F41A011C7}"
EndProject
Project("{FAE04EC0-301F-11D3-BF4B-00C04F79EFBC}") = "15,Exam", "15,Exam\15,Exam.csproj", "{B45EA620-F279-4B16-A436-5C43303A9BCB}"
EndProject
Global
	GlobalSection(SolutionConfigurationPlatforms) = preSolution
		Debug|Any CPU = Debug|Any CPU
		Release|Any CPU = Release|Any CPU
	EndGlobalSection
	GlobalSection(ProjectConfigurationPlatforms) = postSolution
		{539C3291-E627-468F-8FA5-6E53164880B8}.Debug|Any CPU.ActiveCfg = Debug|Any CPU
		{539C3291-E627-468F-8FA5-6E53164880B8}.Debug|Any CPU.Build.0 = Debug|Any CPU
		{539C3291-E627-468F-8FA5-6E53164880B8}.Release|Any CPU.ActiveCfg = Release|Any CPU
		{539C3291-E627-468F-8FA5-6E53164880B8}.Release|Any CPU.Build.0 = Release|Any CPU
		{DB724FFD-2381-41FF-929C-682C63B52426}.Debug|Any CPU.ActiveCfg = Debug|Any CPU
		{DB724FFD-2381-41FF-929C-682C63B52426}.Debug|Any CPU.Build.0 = Debug|Any CPU
		{DB724FFD-2381-41FF-929C-682C63B52426}.Release|Any CPU.ActiveCfg = Release|Any CPU
		{DB724FFD-2381-41FF-929C-682C63B52426}.Release|Any CPU.Build.0 = Release|Any CPU
		{524128B5-BC4C-4546-B7BA-62328F60D1C2}.Debug|Any CPU.ActiveCfg = Debug|Any CPU
		{524128B5-BC4C-4546-B7BA-62328F60D1C2}.Debug|Any CPU.Build.0 = Debug|Any CPU
		{524128B5-BC4C-4546-B7BA-62328F60D1C2}.Release|Any CPU.ActiveCfg = Release|Any CPU
		{524128B5-BC4C-4546-B7BA-62328F60D1C2}.Release|Any CPU.Build.0 = Release|Any CPU
		{50BA874B-9FDB-4346-A885-9DD4473AA8CE}.Debug|Any CPU.ActiveCfg = Debug|Any CPU
		{50BA874B-9FDB-4346-A885-9DD4473AA8CE}.Debug|Any CPU.Build.0 = Debug|Any CPU
		{50BA874B-9FDB-4346-A885-9DD4473AA8CE}.Release|Any CPU.ActiveCfg = Release|Any CPU
		{50BA874B-9FDB-4346-A885-9DD4473AA8CE}.Release|Any CPU.Build.0 = Release|Any CPU
		{C97C9C61-B06B-4ED1-B463-F2CBE514CB38}.Debug|Any CPU.ActiveCfg = Debug|Any CPU
		{C97C9C61-B06B-4ED1-B463-F2CBE514CB38}.Debug|Any CPU.Build.0 = Debug|Any CPU
		{C97C9C61-B06B-4ED1-B463-F2CBE514CB38}.Release|Any CPU.ActiveCfg = Release|Any CPU
		{C97C9C61-B06B-4ED1-B463-F2CBE514CB38}.Release|Any CPU.Build.0 = Release|Any CPU
		{5C151EBB-9994-4480-A9B2-3F148ED7CD16}.Debug|Any CPU.ActiveCfg = Debug|Any CPU
		{5C151EBB-9994-4480-A9B2-3F148ED7CD16}.Debug|Any CPU.Build.0 = Debug|Any CPU
		{5C151EBB-9994-4480-A9B2-3F148ED7CD16}.Release|Any CPU.ActiveCfg = Release|Any CPU
		{5C151EBB-9994-4480-A9B2-3F148ED7CD16}.Release|Any CPU.Build.0 = Release|Any CPU
		{01E7AB09-8802-4342-9066-BB1D4E7AF1FC}.Debug|Any CPU.ActiveCfg = Debug|Any CPU
		{01E7AB09-8802-4342-9066-BB1D4E7AF1FC}.Debug|Any CPU.Build.0 = Debug|Any CPU
		{01E7AB09-8802-4342-9066-BB1D4E7AF1FC}.Release|Any CPU.ActiveCfg = Release|Any CPU
		{01E7AB09-8802-4342-9066-BB1D4E7AF1FC}.Release|Any CPU.Build.0 = Release|Any CPU
		{65128A75-B963-4935-9E0D-A0AD96C542BD}.Debug|Any CPU.ActiveCfg = Debug|Any CPU
		{65128A75-B963-4935-9E0D-A0AD96C542BD}.Debug|Any CPU.Build.0 = Debug|Any CPU
		{65128A75-B963-4935-9E0D-A0AD96C542BD}.Release|Any CPU.ActiveCfg = Release|Any CPU
		{65128A75-B963-4935-9E0D-A0AD96C542BD}.Release|Any CPU.Build.0 = Release|Any CPU
		{9A91EB35-7E86-4C5A-8F0F-1D23706051E8}.Debug|Any CPU.ActiveCfg = Debug|Any CPU
		{9A91EB35-7E86-4C5A-8F0F-1D23706051E8}.Debug|Any CPU.Build.0 = Debug|Any CPU
		{9A91EB35-7E86-4C5A-8F0F-1D23706051E8}.Release|Any CPU.ActiveCfg = Release|Any CPU
		{9A91EB35-7E86-4C5A-8F0F-1D23706051E8}.Release|Any CPU.Build.0 = Release|Any CPU
		{7E7B8164-1010-4061-8220-94A5A9713899}.Debug|Any CPU.ActiveCfg = Debug|Any CPU
		{7E7B8164-1010-4061-8220-94A5A9713899}.Debug|Any CPU.Build.0 = Debug|Any CPU
		{7E7B8164-1010-4061-8220-94A5A9713899}.Release|Any CPU.ActiveCfg = Release|Any CPU
		{7E7B8164-1010-4061-8220-94A5A9713899}.Release|Any CPU.Build.0 = Release|Any CPU
		{BB96A4BC-E20F-4E32-82D9-C3DF7C95CB07}.Debug|Any CPU.ActiveCfg = Debug|Any CPU
		{BB96A4BC-E20F-4E32-82D9-C3DF7C95CB07}.Debug|Any CPU.Build.0 = Debug|Any CPU
		{BB96A4BC-E20F-4E32-82D9-C3DF7C95CB07}.Release|Any CPU.ActiveCfg = Release|Any CPU
		{BB96A4BC-E20F-4E32-82D9-C3DF7C95CB07}.Release|Any CPU.Build.0 = Release|Any CPU
		{722F5811-9AB2-4FF1-A514-8EB649BDD78B}.Debug|Any CPU.ActiveCfg = Debug|Any CPU
		{722F5811-9AB2-4FF1-A514-8EB649BDD78B}.Debug|Any CPU.Build.0 = Debug|Any CPU
		{722F5811-9AB2-4FF1-A514-8EB649BDD78B}.Release|Any CPU.ActiveCfg = Release|Any CPU
		{722F5811-9AB2-4FF1-A514-8EB649BDD78B}.Release|Any CPU.Build.0 = Release|Any CPU
		{56E64A63-FAEA-40B5-9604-F18F41A011C7}.Debug|Any CPU.ActiveCfg = Debug|Any CPU
		{56E64A63-FAEA-40B5-9604-F18F41A011C7}.Debug|Any CPU.Build.0 = Debug|Any CPU
		{56E64A63-FAEA-40B5-9604-F18F41A011C7}.Release|Any CPU.ActiveCfg = Release|Any CPU
		{56E64A63-FAEA-40B5-9604-F18F41A011C7}.Release|Any CPU.Build.0 = Release|Any CPU
		{B45EA620-F279-4B16-A436-5C43303A9BCB}.Debug|Any CPU.ActiveCfg = Debug|Any CPU
		{B45EA620-F279-4B16-A436-5C43303A9BCB}.Debug|Any CPU.Build.0 = Debug|Any CPU
		{B45EA620-F279-4B16-A436-5C43303A9BCB}.Release|Any CPU.ActiveCfg = Release|Any CPU
		{B45EA620-F279-4B16-A436-5C43303A9BCB}.Release|Any CPU.Build.0 = Release|Any CPU
	EndGlobalSection
	GlobalSection(SolutionProperties) = preSolution
		HideSolutionNode = FALSE
	EndGlobalSection
EndGlobal
