
Microsoft Visual Studio Solution File, Format Version 12.00
# Visual Studio 14
VisualStudioVersion = 14.0.25420.1
MinimumVisualStudioVersion = 10.0.40219.1
Project("{FAE04EC0-301F-11D3-BF4B-00C04F79EFBC}") = "01. Hello, Name!", "Methods and Debugging- Exercises\01. Hello, Name!.csproj", "{2A801218-4848-4D12-96FC-0C1FE8578A96}"
EndProject
Project("{FAE04EC0-301F-11D3-BF4B-00C04F79EFBC}") = "02. Max Method", "02. Max Method\02. Max Method.csproj", "{122DCDCE-6A62-47D1-A389-7E660D380A3F}"
EndProject
Project("{FAE04EC0-301F-11D3-BF4B-00C04F79EFBC}") = "03. English Name of Last Digit", "03. English Name of Last Digit\03. English Name of Last Digit.csproj", "{D40A03DC-D51A-498E-8D96-E48A1500572B}"
EndProject
Project("{FAE04EC0-301F-11D3-BF4B-00C04F79EFBC}") = "04. Numbers in Reversed Order", "04. Numbers in Reversed Order\04. Numbers in Reversed Order.csproj", "{9168D54E-B4D8-443F-87CC-7E521B39C097}"
EndProject
Project("{FAE04EC0-301F-11D3-BF4B-00C04F79EFBC}") = "06.Prime Checker", "06.Prime Checker\06.Prime Checker.csproj", "{B0AD1961-8BE9-4C1C-AB94-1B0D417C27DD}"
EndProject
Project("{FAE04EC0-301F-11D3-BF4B-00C04F79EFBC}") = "05.Fibonachi", "05.Fibonachi\05.Fibonachi.csproj", "{0AD7EB86-621C-4223-9647-4C6F8CF596A3}"
EndProject
Project("{FAE04EC0-301F-11D3-BF4B-00C04F79EFBC}") = "07. Primes in Given Range", "07. Primes in Given Range\07. Primes in Given Range.csproj", "{C29379FC-DECF-4271-9D8A-484A2705AF16}"
EndProject
Project("{FAE04EC0-301F-11D3-BF4B-00C04F79EFBC}") = "08. Center Point", "08. Center Point\08. Center Point.csproj", "{A2C6BECD-BAF1-4C79-AE2D-56F939AB9BD6}"
EndProject
Project("{FAE04EC0-301F-11D3-BF4B-00C04F79EFBC}") = "09. Longer Line", "09. Longer Line\09. Longer Line.csproj", "{13B3C9FE-4B7D-453A-B60B-A8B716B66DA4}"
EndProject
Project("{FAE04EC0-301F-11D3-BF4B-00C04F79EFBC}") = "10. Cube Properties", "10. Cube Properties\10. Cube Properties.csproj", "{D383F8A2-8748-4D03-ADC0-E3A8790B330A}"
EndProject
Project("{FAE04EC0-301F-11D3-BF4B-00C04F79EFBC}") = "11. Geometry Calculator", "11. Geometry Calculator\11. Geometry Calculator.csproj", "{E1BCA051-3841-4DB7-AF5F-46C3B04069C1}"
EndProject
Project("{FAE04EC0-301F-11D3-BF4B-00C04F79EFBC}") = "12. Master Number", "12. Master Number\12. Master Number.csproj", "{4074C506-7E0F-45C7-B620-12884F751F50}"
EndProject
Project("{FAE04EC0-301F-11D3-BF4B-00C04F79EFBC}") = "13. Factorial", "13. Factorial\13. Factorial.csproj", "{63E5F396-AB64-4C3B-87DC-9E78BB6A62BF}"
EndProject
Project("{FAE04EC0-301F-11D3-BF4B-00C04F79EFBC}") = "14. Factorial Trailing Zeroes", "14. Factorial Trailing Zeroes\14. Factorial Trailing Zeroes.csproj", "{0AF00A87-3AE7-46DE-9E62-A6EE86472164}"
EndProject
Project("{FAE04EC0-301F-11D3-BF4B-00C04F79EFBC}") = "15. Instruction Set", "15. Instruction Set\15. Instruction Set.csproj", "{3663B66C-9622-4AF1-A38B-BFD7916A0BDF}"
EndProject
Project("{FAE04EC0-301F-11D3-BF4B-00C04F79EFBC}") = "16. Be Positive", "16. Be Positive\16. Be Positive.csproj", "{B278694F-7787-4566-B931-41070EBCC7BD}"
EndProject
Global
	GlobalSection(SolutionConfigurationPlatforms) = preSolution
		Debug|Any CPU = Debug|Any CPU
		Release|Any CPU = Release|Any CPU
	EndGlobalSection
	GlobalSection(ProjectConfigurationPlatforms) = postSolution
		{2A801218-4848-4D12-96FC-0C1FE8578A96}.Debug|Any CPU.ActiveCfg = Debug|Any CPU
		{2A801218-4848-4D12-96FC-0C1FE8578A96}.Debug|Any CPU.Build.0 = Debug|Any CPU
		{2A801218-4848-4D12-96FC-0C1FE8578A96}.Release|Any CPU.ActiveCfg = Release|Any CPU
		{2A801218-4848-4D12-96FC-0C1FE8578A96}.Release|Any CPU.Build.0 = Release|Any CPU
		{122DCDCE-6A62-47D1-A389-7E660D380A3F}.Debug|Any CPU.ActiveCfg = Debug|Any CPU
		{122DCDCE-6A62-47D1-A389-7E660D380A3F}.Debug|Any CPU.Build.0 = Debug|Any CPU
		{122DCDCE-6A62-47D1-A389-7E660D380A3F}.Release|Any CPU.ActiveCfg = Release|Any CPU
		{122DCDCE-6A62-47D1-A389-7E660D380A3F}.Release|Any CPU.Build.0 = Release|Any CPU
		{D40A03DC-D51A-498E-8D96-E48A1500572B}.Debug|Any CPU.ActiveCfg = Debug|Any CPU
		{D40A03DC-D51A-498E-8D96-E48A1500572B}.Debug|Any CPU.Build.0 = Debug|Any CPU
		{D40A03DC-D51A-498E-8D96-E48A1500572B}.Release|Any CPU.ActiveCfg = Release|Any CPU
		{D40A03DC-D51A-498E-8D96-E48A1500572B}.Release|Any CPU.Build.0 = Release|Any CPU
		{9168D54E-B4D8-443F-87CC-7E521B39C097}.Debug|Any CPU.ActiveCfg = Debug|Any CPU
		{9168D54E-B4D8-443F-87CC-7E521B39C097}.Debug|Any CPU.Build.0 = Debug|Any CPU
		{9168D54E-B4D8-443F-87CC-7E521B39C097}.Release|Any CPU.ActiveCfg = Release|Any CPU
		{9168D54E-B4D8-443F-87CC-7E521B39C097}.Release|Any CPU.Build.0 = Release|Any CPU
		{B0AD1961-8BE9-4C1C-AB94-1B0D417C27DD}.Debug|Any CPU.ActiveCfg = Debug|Any CPU
		{B0AD1961-8BE9-4C1C-AB94-1B0D417C27DD}.Debug|Any CPU.Build.0 = Debug|Any CPU
		{B0AD1961-8BE9-4C1C-AB94-1B0D417C27DD}.Release|Any CPU.ActiveCfg = Release|Any CPU
		{B0AD1961-8BE9-4C1C-AB94-1B0D417C27DD}.Release|Any CPU.Build.0 = Release|Any CPU
		{0AD7EB86-621C-4223-9647-4C6F8CF596A3}.Debug|Any CPU.ActiveCfg = Debug|Any CPU
		{0AD7EB86-621C-4223-9647-4C6F8CF596A3}.Debug|Any CPU.Build.0 = Debug|Any CPU
		{0AD7EB86-621C-4223-9647-4C6F8CF596A3}.Release|Any CPU.ActiveCfg = Release|Any CPU
		{0AD7EB86-621C-4223-9647-4C6F8CF596A3}.Release|Any CPU.Build.0 = Release|Any CPU
		{C29379FC-DECF-4271-9D8A-484A2705AF16}.Debug|Any CPU.ActiveCfg = Debug|Any CPU
		{C29379FC-DECF-4271-9D8A-484A2705AF16}.Debug|Any CPU.Build.0 = Debug|Any CPU
		{C29379FC-DECF-4271-9D8A-484A2705AF16}.Release|Any CPU.ActiveCfg = Release|Any CPU
		{C29379FC-DECF-4271-9D8A-484A2705AF16}.Release|Any CPU.Build.0 = Release|Any CPU
		{A2C6BECD-BAF1-4C79-AE2D-56F939AB9BD6}.Debug|Any CPU.ActiveCfg = Debug|Any CPU
		{A2C6BECD-BAF1-4C79-AE2D-56F939AB9BD6}.Debug|Any CPU.Build.0 = Debug|Any CPU
		{A2C6BECD-BAF1-4C79-AE2D-56F939AB9BD6}.Release|Any CPU.ActiveCfg = Release|Any CPU
		{A2C6BECD-BAF1-4C79-AE2D-56F939AB9BD6}.Release|Any CPU.Build.0 = Release|Any CPU
		{13B3C9FE-4B7D-453A-B60B-A8B716B66DA4}.Debug|Any CPU.ActiveCfg = Debug|Any CPU
		{13B3C9FE-4B7D-453A-B60B-A8B716B66DA4}.Debug|Any CPU.Build.0 = Debug|Any CPU
		{13B3C9FE-4B7D-453A-B60B-A8B716B66DA4}.Release|Any CPU.ActiveCfg = Release|Any CPU
		{13B3C9FE-4B7D-453A-B60B-A8B716B66DA4}.Release|Any CPU.Build.0 = Release|Any CPU
		{D383F8A2-8748-4D03-ADC0-E3A8790B330A}.Debug|Any CPU.ActiveCfg = Debug|Any CPU
		{D383F8A2-8748-4D03-ADC0-E3A8790B330A}.Debug|Any CPU.Build.0 = Debug|Any CPU
		{D383F8A2-8748-4D03-ADC0-E3A8790B330A}.Release|Any CPU.ActiveCfg = Release|Any CPU
		{D383F8A2-8748-4D03-ADC0-E3A8790B330A}.Release|Any CPU.Build.0 = Release|Any CPU
		{E1BCA051-3841-4DB7-AF5F-46C3B04069C1}.Debug|Any CPU.ActiveCfg = Debug|Any CPU
		{E1BCA051-3841-4DB7-AF5F-46C3B04069C1}.Debug|Any CPU.Build.0 = Debug|Any CPU
		{E1BCA051-3841-4DB7-AF5F-46C3B04069C1}.Release|Any CPU.ActiveCfg = Release|Any CPU
		{E1BCA051-3841-4DB7-AF5F-46C3B04069C1}.Release|Any CPU.Build.0 = Release|Any CPU
		{4074C506-7E0F-45C7-B620-12884F751F50}.Debug|Any CPU.ActiveCfg = Debug|Any CPU
		{4074C506-7E0F-45C7-B620-12884F751F50}.Debug|Any CPU.Build.0 = Debug|Any CPU
		{4074C506-7E0F-45C7-B620-12884F751F50}.Release|Any CPU.ActiveCfg = Release|Any CPU
		{4074C506-7E0F-45C7-B620-12884F751F50}.Release|Any CPU.Build.0 = Release|Any CPU
		{63E5F396-AB64-4C3B-87DC-9E78BB6A62BF}.Debug|Any CPU.ActiveCfg = Debug|Any CPU
		{63E5F396-AB64-4C3B-87DC-9E78BB6A62BF}.Debug|Any CPU.Build.0 = Debug|Any CPU
		{63E5F396-AB64-4C3B-87DC-9E78BB6A62BF}.Release|Any CPU.ActiveCfg = Release|Any CPU
		{63E5F396-AB64-4C3B-87DC-9E78BB6A62BF}.Release|Any CPU.Build.0 = Release|Any CPU
		{0AF00A87-3AE7-46DE-9E62-A6EE86472164}.Debug|Any CPU.ActiveCfg = Debug|Any CPU
		{0AF00A87-3AE7-46DE-9E62-A6EE86472164}.Debug|Any CPU.Build.0 = Debug|Any CPU
		{0AF00A87-3AE7-46DE-9E62-A6EE86472164}.Release|Any CPU.ActiveCfg = Release|Any CPU
		{0AF00A87-3AE7-46DE-9E62-A6EE86472164}.Release|Any CPU.Build.0 = Release|Any CPU
		{3663B66C-9622-4AF1-A38B-BFD7916A0BDF}.Debug|Any CPU.ActiveCfg = Debug|Any CPU
		{3663B66C-9622-4AF1-A38B-BFD7916A0BDF}.Debug|Any CPU.Build.0 = Debug|Any CPU
		{3663B66C-9622-4AF1-A38B-BFD7916A0BDF}.Release|Any CPU.ActiveCfg = Release|Any CPU
		{3663B66C-9622-4AF1-A38B-BFD7916A0BDF}.Release|Any CPU.Build.0 = Release|Any CPU
		{B278694F-7787-4566-B931-41070EBCC7BD}.Debug|Any CPU.ActiveCfg = Debug|Any CPU
		{B278694F-7787-4566-B931-41070EBCC7BD}.Debug|Any CPU.Build.0 = Debug|Any CPU
		{B278694F-7787-4566-B931-41070EBCC7BD}.Release|Any CPU.ActiveCfg = Release|Any CPU
		{B278694F-7787-4566-B931-41070EBCC7BD}.Release|Any CPU.Build.0 = Release|Any CPU
	EndGlobalSection
	GlobalSection(SolutionProperties) = preSolution
		HideSolutionNode = FALSE
	EndGlobalSection
EndGlobal
