
Microsoft Visual Studio Solution File, Format Version 12.00
# Visual Studio 14
VisualStudioVersion = 14.0.25420.1
MinimumVisualStudioVersion = 10.0.40219.1
Project("{FAE04EC0-301F-11D3-BF4B-00C04F79EFBC}") = "01.LoopByStep3", "01.LoopByStep3\01.LoopByStep3.csproj", "{0AA0EB9D-B552-45F2-BE5C-8B7BF9E0D3E8}"
EndProject
Project("{FAE04EC0-301F-11D3-BF4B-00C04F79EFBC}") = "02.Numbers N...1", "02.Numbers N...1\02.Numbers N...1.csproj", "{7C82C868-E285-4AA8-B151-5305656371E5}"
EndProject
Project("{FAE04EC0-301F-11D3-BF4B-00C04F79EFBC}") = "03.Powers of Two", "03.Powers of Two\03.Powers of Two.csproj", "{388C97DA-8BA0-45F2-8F2B-18B3FC2C800A}"
EndProject
Project("{FAE04EC0-301F-11D3-BF4B-00C04F79EFBC}") = "04.Even Powers of 2", "04.Even Powers of 2\04.Even Powers of 2.csproj", "{34394907-52D4-407E-B0D8-E024710775F0}"
EndProject
Project("{FAE04EC0-301F-11D3-BF4B-00C04F79EFBC}") = "05.Sequence 2k+1", "05.Sequence 2k+1\05.Sequence 2k+1.csproj", "{CEE8D185-4DA8-437E-AE2C-3474FF25E6DC}"
EndProject
Project("{FAE04EC0-301F-11D3-BF4B-00C04F79EFBC}") = "06.Number in Range [1...100]", "06.Number in Range [1...100]\06.Number in Range [1...100].csproj", "{EA36C3A9-3E62-447C-9B61-E46659F7429E}"
EndProject
Project("{FAE04EC0-301F-11D3-BF4B-00C04F79EFBC}") = "07.Greatest Common Divisor (CGD)", "07.Greatest Common Divisor (CGD)\07.Greatest Common Divisor (CGD).csproj", "{45D1C0C0-C2F4-4327-AA77-95799A8A5328}"
EndProject
Project("{FAE04EC0-301F-11D3-BF4B-00C04F79EFBC}") = "08.Factorial", "08.Factorial\08.Factorial.csproj", "{900B3617-AB27-4DA2-AD90-D3A6A690B5A0}"
EndProject
Project("{FAE04EC0-301F-11D3-BF4B-00C04F79EFBC}") = "test", "test\test.csproj", "{7694A6EF-E32E-4735-9739-364B7160CDFC}"
EndProject
Project("{FAE04EC0-301F-11D3-BF4B-00C04F79EFBC}") = "09.Sum Digits", "09.Sum Digits\09.Sum Digits.csproj", "{044E4EE5-EE17-4AE2-90C3-5202E8976F26}"
EndProject
Global
	GlobalSection(SolutionConfigurationPlatforms) = preSolution
		Debug|Any CPU = Debug|Any CPU
		Release|Any CPU = Release|Any CPU
	EndGlobalSection
	GlobalSection(ProjectConfigurationPlatforms) = postSolution
		{0AA0EB9D-B552-45F2-BE5C-8B7BF9E0D3E8}.Debug|Any CPU.ActiveCfg = Debug|Any CPU
		{0AA0EB9D-B552-45F2-BE5C-8B7BF9E0D3E8}.Debug|Any CPU.Build.0 = Debug|Any CPU
		{0AA0EB9D-B552-45F2-BE5C-8B7BF9E0D3E8}.Release|Any CPU.ActiveCfg = Release|Any CPU
		{0AA0EB9D-B552-45F2-BE5C-8B7BF9E0D3E8}.Release|Any CPU.Build.0 = Release|Any CPU
		{7C82C868-E285-4AA8-B151-5305656371E5}.Debug|Any CPU.ActiveCfg = Debug|Any CPU
		{7C82C868-E285-4AA8-B151-5305656371E5}.Debug|Any CPU.Build.0 = Debug|Any CPU
		{7C82C868-E285-4AA8-B151-5305656371E5}.Release|Any CPU.ActiveCfg = Release|Any CPU
		{7C82C868-E285-4AA8-B151-5305656371E5}.Release|Any CPU.Build.0 = Release|Any CPU
		{388C97DA-8BA0-45F2-8F2B-18B3FC2C800A}.Debug|Any CPU.ActiveCfg = Debug|Any CPU
		{388C97DA-8BA0-45F2-8F2B-18B3FC2C800A}.Debug|Any CPU.Build.0 = Debug|Any CPU
		{388C97DA-8BA0-45F2-8F2B-18B3FC2C800A}.Release|Any CPU.ActiveCfg = Release|Any CPU
		{388C97DA-8BA0-45F2-8F2B-18B3FC2C800A}.Release|Any CPU.Build.0 = Release|Any CPU
		{34394907-52D4-407E-B0D8-E024710775F0}.Debug|Any CPU.ActiveCfg = Debug|Any CPU
		{34394907-52D4-407E-B0D8-E024710775F0}.Debug|Any CPU.Build.0 = Debug|Any CPU
		{34394907-52D4-407E-B0D8-E024710775F0}.Release|Any CPU.ActiveCfg = Release|Any CPU
		{34394907-52D4-407E-B0D8-E024710775F0}.Release|Any CPU.Build.0 = Release|Any CPU
		{CEE8D185-4DA8-437E-AE2C-3474FF25E6DC}.Debug|Any CPU.ActiveCfg = Debug|Any CPU
		{CEE8D185-4DA8-437E-AE2C-3474FF25E6DC}.Debug|Any CPU.Build.0 = Debug|Any CPU
		{CEE8D185-4DA8-437E-AE2C-3474FF25E6DC}.Release|Any CPU.ActiveCfg = Release|Any CPU
		{CEE8D185-4DA8-437E-AE2C-3474FF25E6DC}.Release|Any CPU.Build.0 = Release|Any CPU
		{EA36C3A9-3E62-447C-9B61-E46659F7429E}.Debug|Any CPU.ActiveCfg = Debug|Any CPU
		{EA36C3A9-3E62-447C-9B61-E46659F7429E}.Debug|Any CPU.Build.0 = Debug|Any CPU
		{EA36C3A9-3E62-447C-9B61-E46659F7429E}.Release|Any CPU.ActiveCfg = Release|Any CPU
		{EA36C3A9-3E62-447C-9B61-E46659F7429E}.Release|Any CPU.Build.0 = Release|Any CPU
		{45D1C0C0-C2F4-4327-AA77-95799A8A5328}.Debug|Any CPU.ActiveCfg = Debug|Any CPU
		{45D1C0C0-C2F4-4327-AA77-95799A8A5328}.Debug|Any CPU.Build.0 = Debug|Any CPU
		{45D1C0C0-C2F4-4327-AA77-95799A8A5328}.Release|Any CPU.ActiveCfg = Release|Any CPU
		{45D1C0C0-C2F4-4327-AA77-95799A8A5328}.Release|Any CPU.Build.0 = Release|Any CPU
		{900B3617-AB27-4DA2-AD90-D3A6A690B5A0}.Debug|Any CPU.ActiveCfg = Debug|Any CPU
		{900B3617-AB27-4DA2-AD90-D3A6A690B5A0}.Debug|Any CPU.Build.0 = Debug|Any CPU
		{900B3617-AB27-4DA2-AD90-D3A6A690B5A0}.Release|Any CPU.ActiveCfg = Release|Any CPU
		{900B3617-AB27-4DA2-AD90-D3A6A690B5A0}.Release|Any CPU.Build.0 = Release|Any CPU
		{7694A6EF-E32E-4735-9739-364B7160CDFC}.Debug|Any CPU.ActiveCfg = Debug|Any CPU
		{7694A6EF-E32E-4735-9739-364B7160CDFC}.Debug|Any CPU.Build.0 = Debug|Any CPU
		{7694A6EF-E32E-4735-9739-364B7160CDFC}.Release|Any CPU.ActiveCfg = Release|Any CPU
		{7694A6EF-E32E-4735-9739-364B7160CDFC}.Release|Any CPU.Build.0 = Release|Any CPU
		{044E4EE5-EE17-4AE2-90C3-5202E8976F26}.Debug|Any CPU.ActiveCfg = Debug|Any CPU
		{044E4EE5-EE17-4AE2-90C3-5202E8976F26}.Debug|Any CPU.Build.0 = Debug|Any CPU
		{044E4EE5-EE17-4AE2-90C3-5202E8976F26}.Release|Any CPU.ActiveCfg = Release|Any CPU
		{044E4EE5-EE17-4AE2-90C3-5202E8976F26}.Release|Any CPU.Build.0 = Release|Any CPU
	EndGlobalSection
	GlobalSection(SolutionProperties) = preSolution
		HideSolutionNode = FALSE
	EndGlobalSection
EndGlobal
