
Microsoft Visual Studio Solution File, Format Version 12.00
# Visual Studio 14
VisualStudioVersion = 14.0.25420.1
MinimumVisualStudioVersion = 10.0.40219.1
Project("{FAE04EC0-301F-11D3-BF4B-00C04F79EFBC}") = "AllInOne_blog", "AllInOne_blog\AllInOne_blog.csproj", "{0E81AB68-62A5-44BA-B6B7-CC34D7C0E758}"
EndProject
Global
	GlobalSection(SolutionConfigurationPlatforms) = preSolution
		Debug|Any CPU = Debug|Any CPU
		Release|Any CPU = Release|Any CPU
	EndGlobalSection
	GlobalSection(ProjectConfigurationPlatforms) = postSolution
		{0E81AB68-62A5-44BA-B6B7-CC34D7C0E758}.Debug|Any CPU.ActiveCfg = Debug|Any CPU
		{0E81AB68-62A5-44BA-B6B7-CC34D7C0E758}.Debug|Any CPU.Build.0 = Debug|Any CPU
		{0E81AB68-62A5-44BA-B6B7-CC34D7C0E758}.Release|Any CPU.ActiveCfg = Release|Any CPU
		{0E81AB68-62A5-44BA-B6B7-CC34D7C0E758}.Release|Any CPU.Build.0 = Release|Any CPU
	EndGlobalSection
	GlobalSection(SolutionProperties) = preSolution
		HideSolutionNode = FALSE
	EndGlobalSection
EndGlobal
